
Microsoft Visual Studio Solution File, Format Version 12.00
# Visual Studio Version 17
VisualStudioVersion = 17.7.34031.279
MinimumVisualStudioVersion = 10.0.40219.1
Project("{54A90642-561A-4BB1-A94E-469ADEE60C69}") = "ShapeGenerator", "ShapeGenerator\ShapeGenerator.esproj", "{08258B17-951A-4D40-864A-B824AEF7A70B}"
EndProject
Project("{FAE04EC0-301F-11D3-BF4B-00C04F79EFBC}") = "ShapeGeneratorAPI", "ShapeGeneratorAPI\ShapeGeneratorAPI.csproj", "{FECF1DCB-26FE-44CE-8122-2CFAECD473DB}"
EndProject
Project("{9A19103F-16F7-4668-BE54-9A1E7A4F7556}") = "ShapeGeneratorAPI.Tests", "ShapeGeneratorAPI.Tests\ShapeGeneratorAPI.Tests.csproj", "{85201ABA-62B6-490B-8183-242A1925619C}"
EndProject
Global
	GlobalSection(SolutionConfigurationPlatforms) = preSolution
		Debug|Any CPU = Debug|Any CPU
		Release|Any CPU = Release|Any CPU
	EndGlobalSection
	GlobalSection(ProjectConfigurationPlatforms) = postSolution
		{08258B17-951A-4D40-864A-B824AEF7A70B}.Debug|Any CPU.ActiveCfg = Debug|Any CPU
		{08258B17-951A-4D40-864A-B824AEF7A70B}.Debug|Any CPU.Build.0 = Debug|Any CPU
		{08258B17-951A-4D40-864A-B824AEF7A70B}.Debug|Any CPU.Deploy.0 = Debug|Any CPU
		{08258B17-951A-4D40-864A-B824AEF7A70B}.Release|Any CPU.ActiveCfg = Release|Any CPU
		{08258B17-951A-4D40-864A-B824AEF7A70B}.Release|Any CPU.Build.0 = Release|Any CPU
		{08258B17-951A-4D40-864A-B824AEF7A70B}.Release|Any CPU.Deploy.0 = Release|Any CPU
		{FECF1DCB-26FE-44CE-8122-2CFAECD473DB}.Debug|Any CPU.ActiveCfg = Debug|Any CPU
		{FECF1DCB-26FE-44CE-8122-2CFAECD473DB}.Debug|Any CPU.Build.0 = Debug|Any CPU
		{FECF1DCB-26FE-44CE-8122-2CFAECD473DB}.Release|Any CPU.ActiveCfg = Release|Any CPU
		{FECF1DCB-26FE-44CE-8122-2CFAECD473DB}.Release|Any CPU.Build.0 = Release|Any CPU
		{85201ABA-62B6-490B-8183-242A1925619C}.Debug|Any CPU.ActiveCfg = Debug|Any CPU
		{85201ABA-62B6-490B-8183-242A1925619C}.Debug|Any CPU.Build.0 = Debug|Any CPU
		{85201ABA-62B6-490B-8183-242A1925619C}.Release|Any CPU.ActiveCfg = Release|Any CPU
		{85201ABA-62B6-490B-8183-242A1925619C}.Release|Any CPU.Build.0 = Release|Any CPU
	EndGlobalSection
	GlobalSection(SolutionProperties) = preSolution
		HideSolutionNode = FALSE
	EndGlobalSection
	GlobalSection(ExtensibilityGlobals) = postSolution
		SolutionGuid = {20CBC622-0853-4405-BF4C-34CB1078F2C1}
	EndGlobalSection
EndGlobal
